// !$*UTF8*$!
{
	archiveVersion = 1;
	classes = {
	};
	objectVersion = 46;
	objects = {

/* Begin PBXBuildFile section */
		3FF611551F08BC06000405EC /* AppDelegate.swift in Sources */ = {isa = PBXBuildFile; fileRef = 3FF611541F08BC06000405EC /* AppDelegate.swift */; };
		3FF611571F08BC06000405EC /* ViewController.swift in Sources */ = {isa = PBXBuildFile; fileRef = 3FF611561F08BC06000405EC /* ViewController.swift */; };
		3FF6115A1F08BC06000405EC /* Main.storyboard in Resources */ = {isa = PBXBuildFile; fileRef = 3FF611581F08BC06000405EC /* Main.storyboard */; };
		3FF6115C1F08BC06000405EC /* Assets.xcassets in Resources */ = {isa = PBXBuildFile; fileRef = 3FF6115B1F08BC06000405EC /* Assets.xcassets */; };
		3FF6115F1F08BC06000405EC /* LaunchScreen.storyboard in Resources */ = {isa = PBXBuildFile; fileRef = 3FF6115D1F08BC06000405EC /* LaunchScreen.storyboard */; };
/* End PBXBuildFile section */

/* Begin PBXFileReference section */
		3FF611511F08BC06000405EC /* Hakan Doviz.app */ = {isa = PBXFileReference; explicitFileType = wrapper.application; includeInIndex = 0; path = "Hakan Doviz.app"; sourceTree = BUILT_PRODUCTS_DIR; };
		3FF611541F08BC06000405EC /* AppDelegate.swift */ = {isa = PBXFileReference; lastKnownFileType = sourcecode.swift; path = AppDelegate.swift; sourceTree = "<group>"; };
		3FF611561F08BC06000405EC /* ViewController.swift */ = {isa = PBXFileReference; lastKnownFileType = sourcecode.swift; path = ViewController.swift; sourceTree = "<group>"; };
		3FF611591F08BC06000405EC /* Base */ = {isa = PBXFileReference; lastKnownFileType = file.storyboard; name = Base; path = Base.lproj/Main.storyboard; sourceTree = "<group>"; };
		3FF6115B1F08BC06000405EC /* Assets.xcassets */ = {isa = PBXFileReference; lastKnownFileType = folder.assetcatalog; path = Assets.xcassets; sourceTree = "<group>"; };
		3FF6115E1F08BC06000405EC /* Base */ = {isa = PBXFileReference; lastKnownFileType = file.storyboard; name = Base; path = Base.lproj/LaunchScreen.storyboard; sourceTree = "<group>"; };
		3FF611601F08BC06000405EC /* Info.plist */ = {isa = PBXFileReference; lastKnownFileType = text.plist.xml; path = Info.plist; sourceTree = "<group>"; };
/* End PBXFileReference section */

/* Begin PBXFrameworksBuildPhase section */
		3FF6114E1F08BC06000405EC /* Frameworks */ = {
			isa = PBXFrameworksBuildPhase;
			buildActionMask = 2147483647;
			files = (
			);
			runOnlyForDeploymentPostprocessing = 0;
		};
/* End PBXFrameworksBuildPhase section */

/* Begin PBXGroup section */
		3FF611481F08BC06000405EC = {
			isa = PBXGroup;
			children = (
				3FF611531F08BC06000405EC /* Hakan Doviz */,
				3FF611521F08BC06000405EC /* Products */,
			);
			sourceTree = "<group>";
		};
		3FF611521F08BC06000405EC /* Products */ = {
			isa = PBXGroup;
			children = (
				3FF611511F08BC06000405EC /* Hakan Doviz.app */,
			);
			name = Products;
			sourceTree = "<group>";
		};
		3FF611531F08BC06000405EC /* Hakan Doviz */ = {
			isa = PBXGroup;
			children = (
				3FF611541F08BC06000405EC /* AppDelegate.swift */,
				3FF611561F08BC06000405EC /* ViewController.swift */,
				3FF611581F08BC06000405EC /* Main.storyboard */,
				3FF6115B1F08BC06000405EC /* Assets.xcassets */,
				3FF6115D1F08BC06000405EC /* LaunchScreen.storyboard */,
				3FF611601F08BC06000405EC /* Info.plist */,
			);
			path = "Hakan Doviz";
			sourceTree = "<group>";
		};
/* End PBXGroup section */

/* Begin PBXNativeTarget section */
		3FF611501F08BC06000405EC /* Hakan Doviz */ = {
			isa = PBXNativeTarget;
			buildConfigurationList = 3FF611631F08BC06000405EC /* Build configuration list for PBXNativeTarget "Hakan Doviz" */;
			buildPhases = (
				3FF6114D1F08BC06000405EC /* Sources */,
				3FF6114E1F08BC06000405EC /* Frameworks */,
				3FF6114F1F08BC06000405EC /* Resources */,
			);
			buildRules = (
			);
			dependencies = (
			);
			name = "Hakan Doviz";
			productName = "Hakan Doviz";
			productReference = 3FF611511F08BC06000405EC /* Hakan Doviz.app */;
			productType = "com.apple.product-type.application";
		};
/* End PBXNativeTarget section */

/* Begin PBXProject section */
		3FF611491F08BC06000405EC /* Project object */ = {
			isa = PBXProject;
			attributes = {
				LastSwiftUpdateCheck = 0830;
				LastUpgradeCheck = 0830;
				ORGANIZATIONNAME = ecekaracanta;
				TargetAttributes = {
					3FF611501F08BC06000405EC = {
						CreatedOnToolsVersion = 8.3.3;
						ProvisioningStyle = Automatic;
					};
				};
			};
			buildConfigurationList = 3FF6114C1F08BC06000405EC /* Build configuration list for PBXProject "Hakan Doviz" */;
			compatibilityVersion = "Xcode 3.2";
			developmentRegion = English;
			hasScannedForEncodings = 0;
			knownRegions = (
				en,
				Base,
			);
			mainGroup = 3FF611481F08BC06000405EC;
			productRefGroup = 3FF611521F08BC06000405EC /* Products */;
			projectDirPath = "";
			projectRoot = "";
			targets = (
				3FF611501F08BC06000405EC /* Hakan Doviz */,
			);
		};
/* End PBXProject section */

/* Begin PBXResourcesBuildPhase section */
		3FF6114F1F08BC06000405EC /* Resources */ = {
			isa = PBXResourcesBuildPhase;
			buildActionMask = 2147483647;
			files = (
				3FF6115F1F08BC06000405EC /* LaunchScreen.storyboard in Resources */,
				3FF6115C1F08BC06000405EC /* Assets.xcassets in Resources */,
				3FF6115A1F08BC06000405EC /* Main.storyboard in Resources */,
			);
			runOnlyForDeploymentPostprocessing = 0;
		};
/* End PBXResourcesBuildPhase section */

/* Begin PBXSourcesBuildPhase section */
		3FF6114D1F08BC06000405EC /* Sources */ = {
			isa = PBXSourcesBuildPhase;
			buildActionMask = 2147483647;
			files = (
				3FF611571F08BC06000405EC /* ViewController.swift in Sources */,
				3FF611551F08BC06000405EC /* AppDelegate.swift in Sources */,
			);
			runOnlyForDeploymentPostprocessing = 0;
		};
/* End PBXSourcesBuildPhase section */

/* Begin PBXVariantGroup section */
		3FF611581F08BC06000405EC /* Main.storyboard */ = {
			isa = PBXVariantGroup;
			children = (
				3FF611591F08BC06000405EC /* Base */,
			);
			name = Main.storyboard;
			sourceTree = "<group>";
		};
		3FF6115D1F08BC06000405EC /* LaunchScreen.storyboard */ = {
			isa = PBXVariantGroup;
			children = (
				3FF6115E1F08BC06000405EC /* Base */,
			);
			name = LaunchScreen.storyboard;
			sourceTree = "<group>";
		};
/* End PBXVariantGroup section */

/* Begin XCBuildConfiguration section */
		3FF611611F08BC06000405EC /* Debug */ = {
			isa = XCBuildConfiguration;
			buildSettings = {
				ALWAYS_SEARCH_USER_PATHS = NO;
				CLANG_ANALYZER_NONNULL = YES;
				CLANG_ANALYZER_NUMBER_OBJECT_CONVERSION = YES_AGGRESSIVE;
				CLANG_CXX_LANGUAGE_STANDARD = "gnu++0x";
				CLANG_CXX_LIBRARY = "libc++";
				CLANG_ENABLE_MODULES = YES;
				CLANG_ENABLE_OBJC_ARC = YES;
				CLANG_WARN_BOOL_CONVERSION = YES;
				CLANG_WARN_CONSTANT_CONVERSION = YES;
				CLANG_WARN_DIRECT_OBJC_ISA_USAGE = YES_ERROR;
				CLANG_WARN_DOCUMENTATION_COMMENTS = YES;
				CLANG_WARN_EMPTY_BODY = YES;
				CLANG_WARN_ENUM_CONVERSION = YES;
				CLANG_WARN_INFINITE_RECURSION = YES;
				CLANG_WARN_INT_CONVERSION = YES;
				CLANG_WARN_OBJC_ROOT_CLASS = YES_ERROR;
				CLANG_WARN_SUSPICIOUS_MOVE = YES;
				CLANG_WARN_UNREACHABLE_CODE = YES;
				CLANG_WARN__DUPLICATE_METHOD_MATCH = YES;
				"CODE_SIGN_IDENTITY[sdk=iphoneos*]" = "iPhone Developer";
				COPY_PHASE_STRIP = NO;
				DEBUG_INFORMATION_FORMAT = dwarf;
				ENABLE_STRICT_OBJC_MSGSEND = YES;
				ENABLE_TESTABILITY = YES;
				GCC_C_LANGUAGE_STANDARD = gnu99;
				GCC_DYNAMIC_NO_PIC = NO;
				GCC_NO_COMMON_BLOCKS = YES;
				GCC_OPTIMIZATION_LEVEL = 0;
				GCC_PREPROCESSOR_DEFINITIONS = (
					"DEBUG=1",
					"$(inherited)",
				);
				GCC_WARN_64_TO_32_BIT_CONVERSION = YES;
				GCC_WARN_ABOUT_RETURN_TYPE = YES_ERROR;
				GCC_WARN_UNDECLARED_SELECTOR = YES;
				GCC_WARN_UNINITIALIZED_AUTOS = YES_AGGRESSIVE;
				GCC_WARN_UNUSED_FUNCTION = YES;
				GCC_WARN_UNUSED_VARIABLE = YES;
				IPHONEOS_DEPLOYMENT_TARGET = 10.3;
				MTL_ENABLE_DEBUG_INFO = YES;
				ONLY_ACTIVE_ARCH = YES;
				SDKROOT = iphoneos;
				SWIFT_ACTIVE_COMPILATION_CONDITIONS = DEBUG;
				SWIFT_OPTIMIZATION_LEVEL = "-Onone";
			};
			name = Debug;
		};
		3FF611621F08BC06000405EC /* Release */ = {
			isa = XCBuildConfiguration;
			buildSettings = {
				ALWAYS_SEARCH_USER_PATHS = NO;
				CLANG_ANALYZER_NONNULL = YES;
				CLANG_ANALYZER_NUMBER_OBJECT_CONVERSION = YES_AGGRESSIVE;
				CLANG_CXX_LANGUAGE_STANDARD = "gnu++0x";
				CLANG_CXX_LIBRARY = "libc++";
				CLANG_ENABLE_MODULES = YES;
				CLANG_ENABLE_OBJC_ARC = YES;
				CLANG_WARN_BOOL_CONVERSION = YES;
				CLANG_WARN_CONSTANT_CONVERSION = YES;
				CLANG_WARN_DIRECT_OBJC_ISA_USAGE = YES_ERROR;
				CLANG_WARN_DOCUMENTATION_COMMENTS = YES;
				CLANG_WARN_EMPTY_BODY = YES;
				CLANG_WARN_ENUM_CONVERSION = YES;
				CLANG_WARN_INFINITE_RECURSION = YES;
				CLANG_WARN_INT_CONVERSION = YES;
				CLANG_WARN_OBJC_ROOT_CLASS = YES_ERROR;
				CLANG_WARN_SUSPICIOUS_MOVE = YES;
				CLANG_WARN_UNREACHABLE_CODE = YES;
				CLANG_WARN__DUPLICATE_METHOD_MATCH = YES;
				"CODE_SIGN_IDENTITY[sdk=iphoneos*]" = "iPhone Developer";
				COPY_PHASE_STRIP = NO;
				DEBUG_INFORMATION_FORMAT = "dwarf-with-dsym";
				ENABLE_NS_ASSERTIONS = NO;
				ENABLE_STRICT_OBJC_MSGSEND = YES;
				GCC_C_LANGUAGE_STANDARD = gnu99;
				GCC_NO_COMMON_BLOCKS = YES;
				GCC_WARN_64_TO_32_BIT_CONVERSION = YES;
				GCC_WARN_ABOUT_RETURN_TYPE = YES_ERROR;
				GCC_WARN_UNDECLARED_SELECTOR = YES;
				GCC_WARN_UNINITIALIZED_AUTOS = YES_AGGRESSIVE;
				GCC_WARN_UNUSED_FUNCTION = YES;
				GCC_WARN_UNUSED_VARIABLE = YES;
				IPHONEOS_DEPLOYMENT_TARGET = 10.3;
				MTL_ENABLE_DEBUG_INFO = NO;
				SDKROOT = iphoneos;
				SWIFT_OPTIMIZATION_LEVEL = "-Owholemodule";
				VALIDATE_PRODUCT = YES;
			};
			name = Release;
		};
		3FF611641F08BC06000405EC /* Debug */ = {
			isa = XCBuildConfiguration;
			buildSettings = {
				ASSETCATALOG_COMPILER_APPICON_NAME = AppIcon;
				INFOPLIST_FILE = "Hakan Doviz/Info.plist";
				LD_RUNPATH_SEARCH_PATHS = "$(inherited) @executable_path/Frameworks";
				PRODUCT_BUNDLE_IDENTIFIER = "com.ecekaracanta.Hakan-Doviz";
				PRODUCT_NAME = "$(TARGET_NAME)";
				SWIFT_VERSION = 3.0;
			};
			name = Debug;
		};
		3FF611651F08BC06000405EC /* Release */ = {
			isa = XCBuildConfiguration;
			buildSettings = {
				ASSETCATALOG_COMPILER_APPICON_NAME = AppIcon;
				INFOPLIST_FILE = "Hakan Doviz/Info.plist";
				LD_RUNPATH_SEARCH_PATHS = "$(inherited) @executable_path/Frameworks";
				PRODUCT_BUNDLE_IDENTIFIER = "com.ecekaracanta.Hakan-Doviz";
				PRODUCT_NAME = "$(TARGET_NAME)";
				SWIFT_VERSION = 3.0;
			};
			name = Release;
		};
/* End XCBuildConfiguration section */

/* Begin XCConfigurationList section */
		3FF6114C1F08BC06000405EC /* Build configuration list for PBXProject "Hakan Doviz" */ = {
			isa = XCConfigurationList;
			buildConfigurations = (
				3FF611611F08BC06000405EC /* Debug */,
				3FF611621F08BC06000405EC /* Release */,
			);
			defaultConfigurationIsVisible = 0;
			defaultConfigurationName = Release;
		};
		3FF611631F08BC06000405EC /* Build configuration list for PBXNativeTarget "Hakan Doviz" */ = {
			isa = XCConfigurationList;
			buildConfigurations = (
				3FF611641F08BC06000405EC /* Debug */,
				3FF611651F08BC06000405EC /* Release */,
			);
			defaultConfigurationIsVisible = 0;
		};
/* End XCConfigurationList section */
	};
	rootObject = 3FF611491F08BC06000405EC /* Project object */;
}
